
Microsoft Visual Studio Solution File, Format Version 12.00
# Visual Studio Version 17
VisualStudioVersion = 17.14.36623.8
MinimumVisualStudioVersion = 10.0.40219.1
Project("{FAE04EC0-301F-11D3-BF4B-00C04F79EFBC}") = "5.1", "5.1\5.1.csproj", "{E9FB8BFA-BDEC-4B82-9C8A-65A286A3CD9E}"
EndProject
Project("{FAE04EC0-301F-11D3-BF4B-00C04F79EFBC}") = "5.3", "5.3\5.3.csproj", "{ABC246B5-757D-4BDD-A23D-04A51D3E987D}"
EndProject
Project("{FAE04EC0-301F-11D3-BF4B-00C04F79EFBC}") = "5.5", "5.5\5.5.csproj", "{14A13A0F-7403-4618-B2B6-C9D6A0E15D28}"
EndProject
Project("{FAE04EC0-301F-11D3-BF4B-00C04F79EFBC}") = "5.6", "5.6\5.6.csproj", "{2BE60F2C-63E4-44A8-BDB3-8BD442CC8423}"
EndProject
Project("{FAE04EC0-301F-11D3-BF4B-00C04F79EFBC}") = "U5-12_ERNESTAS_UNDZĖNAS", "U5-12_ERNESTAS_UNDZĖNAS\U5-12_ERNESTAS_UNDZĖNAS.csproj", "{982E20C6-6891-488E-8542-957BF45B79E8}"
EndProject
Global
	GlobalSection(SolutionConfigurationPlatforms) = preSolution
		Debug|Any CPU = Debug|Any CPU
		Release|Any CPU = Release|Any CPU
	EndGlobalSection
	GlobalSection(ProjectConfigurationPlatforms) = postSolution
		{E9FB8BFA-BDEC-4B82-9C8A-65A286A3CD9E}.Debug|Any CPU.ActiveCfg = Debug|Any CPU
		{E9FB8BFA-BDEC-4B82-9C8A-65A286A3CD9E}.Debug|Any CPU.Build.0 = Debug|Any CPU
		{E9FB8BFA-BDEC-4B82-9C8A-65A286A3CD9E}.Release|Any CPU.ActiveCfg = Release|Any CPU
		{E9FB8BFA-BDEC-4B82-9C8A-65A286A3CD9E}.Release|Any CPU.Build.0 = Release|Any CPU
		{ABC246B5-757D-4BDD-A23D-04A51D3E987D}.Debug|Any CPU.ActiveCfg = Debug|Any CPU
		{ABC246B5-757D-4BDD-A23D-04A51D3E987D}.Debug|Any CPU.Build.0 = Debug|Any CPU
		{ABC246B5-757D-4BDD-A23D-04A51D3E987D}.Release|Any CPU.ActiveCfg = Release|Any CPU
		{ABC246B5-757D-4BDD-A23D-04A51D3E987D}.Release|Any CPU.Build.0 = Release|Any CPU
		{14A13A0F-7403-4618-B2B6-C9D6A0E15D28}.Debug|Any CPU.ActiveCfg = Debug|Any CPU
		{14A13A0F-7403-4618-B2B6-C9D6A0E15D28}.Debug|Any CPU.Build.0 = Debug|Any CPU
		{14A13A0F-7403-4618-B2B6-C9D6A0E15D28}.Release|Any CPU.ActiveCfg = Release|Any CPU
		{14A13A0F-7403-4618-B2B6-C9D6A0E15D28}.Release|Any CPU.Build.0 = Release|Any CPU
		{2BE60F2C-63E4-44A8-BDB3-8BD442CC8423}.Debug|Any CPU.ActiveCfg = Debug|Any CPU
		{2BE60F2C-63E4-44A8-BDB3-8BD442CC8423}.Debug|Any CPU.Build.0 = Debug|Any CPU
		{2BE60F2C-63E4-44A8-BDB3-8BD442CC8423}.Release|Any CPU.ActiveCfg = Release|Any CPU
		{2BE60F2C-63E4-44A8-BDB3-8BD442CC8423}.Release|Any CPU.Build.0 = Release|Any CPU
		{982E20C6-6891-488E-8542-957BF45B79E8}.Debug|Any CPU.ActiveCfg = Debug|Any CPU
		{982E20C6-6891-488E-8542-957BF45B79E8}.Debug|Any CPU.Build.0 = Debug|Any CPU
		{982E20C6-6891-488E-8542-957BF45B79E8}.Release|Any CPU.ActiveCfg = Release|Any CPU
		{982E20C6-6891-488E-8542-957BF45B79E8}.Release|Any CPU.Build.0 = Release|Any CPU
	EndGlobalSection
	GlobalSection(SolutionProperties) = preSolution
		HideSolutionNode = FALSE
	EndGlobalSection
	GlobalSection(ExtensibilityGlobals) = postSolution
		SolutionGuid = {7DA24922-B2FA-43E7-96BF-54020A0420AA}
	EndGlobalSection
EndGlobal
